
Microsoft Visual Studio Solution File, Format Version 12.00
# Visual Studio Version 16
VisualStudioVersion = 16.0.31005.135
MinimumVisualStudioVersion = 10.0.40219.1
Project("{9A19103F-16F7-4668-BE54-9A1E7A4F7556}") = "Chat-Online", "Chat-Online.csproj", "{89DCD7E2-E22E-4E44-A6F1-32D92BA209C9}"
EndProject
Global
	GlobalSection(SolutionConfigurationPlatforms) = preSolution
		Debug|Any CPU = Debug|Any CPU
		Release|Any CPU = Release|Any CPU
	EndGlobalSection
	GlobalSection(ProjectConfigurationPlatforms) = postSolution
		{89DCD7E2-E22E-4E44-A6F1-32D92BA209C9}.Debug|Any CPU.ActiveCfg = Debug|Any CPU
		{89DCD7E2-E22E-4E44-A6F1-32D92BA209C9}.Debug|Any CPU.Build.0 = Debug|Any CPU
		{89DCD7E2-E22E-4E44-A6F1-32D92BA209C9}.Release|Any CPU.ActiveCfg = Release|Any CPU
		{89DCD7E2-E22E-4E44-A6F1-32D92BA209C9}.Release|Any CPU.Build.0 = Release|Any CPU
	EndGlobalSection
	GlobalSection(SolutionProperties) = preSolution
		HideSolutionNode = FALSE
	EndGlobalSection
	GlobalSection(ExtensibilityGlobals) = postSolution
		SolutionGuid = {A0EB91E3-C2A6-4AE2-93B2-15C17E9B02E4}
	EndGlobalSection
EndGlobal
